
Microsoft Visual Studio Solution File, Format Version 12.00
# Visual Studio 15
VisualStudioVersion = 15.0.26228.9
MinimumVisualStudioVersion = 10.0.40219.1
Project("{8BC9CEB8-8B4A-11D0-8D11-00A0C91BC942}") = "BaseTemplate", "BaseTemplate\BaseTemplate.vcxproj", "{41F2762E-6C89-4A1D-BC3A-346AAF3F7318}"
EndProject
Project("{2150E333-8FDC-42A3-9474-1A3956D46DE8}") = "Solution Items", "Solution Items", "{B1441EEB-C5DC-4E4C-AB04-02A0E685EDFA}"
	ProjectSection(SolutionItems) = preProject
		README.md = README.md
	EndProjectSection
EndProject
Project("{8BC9CEB8-8B4A-11D0-8D11-00A0C91BC942}") = "DataStreamTest", "DataStreamTest\DataStreamTest.vcxproj", "{F2EF4C23-0645-43EA-8D54-22168F019D91}"
EndProject
Project("{8BC9CEB8-8B4A-11D0-8D11-00A0C91BC942}") = "NavigateFrame", "NavigateFrame\NavigateFrame.vcxproj", "{510052D0-EB29-4665-9114-86428C468330}"
EndProject
Project("{8BC9CEB8-8B4A-11D0-8D11-00A0C91BC942}") = "RTCompInApp", "RTCompInApp\RTCompInApp.vcxproj", "{454674AC-E842-4E36-BE05-BC2029B4F32C}"
EndProject
Project("{8BC9CEB8-8B4A-11D0-8D11-00A0C91BC942}") = "W2Inc", "W2Inc\W2Inc.vcxitems", "{1CFA909D-CE1E-455D-BF76-19BDC60BC498}"
EndProject
Global
	GlobalSection(SharedMSBuildProjectFiles) = preSolution
		W2Inc\W2Inc.vcxitems*{1cfa909d-ce1e-455d-bf76-19bdc60bc498}*SharedItemsImports = 9
		W2Inc\W2Inc.vcxitems*{454674ac-e842-4e36-be05-bc2029b4f32c}*SharedItemsImports = 4
	EndGlobalSection
	GlobalSection(SolutionConfigurationPlatforms) = preSolution
		Debug|ARM = Debug|ARM
		Debug|x64 = Debug|x64
		Debug|x86 = Debug|x86
		Release|ARM = Release|ARM
		Release|x64 = Release|x64
		Release|x86 = Release|x86
	EndGlobalSection
	GlobalSection(ProjectConfigurationPlatforms) = postSolution
		{41F2762E-6C89-4A1D-BC3A-346AAF3F7318}.Debug|ARM.ActiveCfg = Debug|ARM
		{41F2762E-6C89-4A1D-BC3A-346AAF3F7318}.Debug|ARM.Build.0 = Debug|ARM
		{41F2762E-6C89-4A1D-BC3A-346AAF3F7318}.Debug|ARM.Deploy.0 = Debug|ARM
		{41F2762E-6C89-4A1D-BC3A-346AAF3F7318}.Debug|x64.ActiveCfg = Debug|x64
		{41F2762E-6C89-4A1D-BC3A-346AAF3F7318}.Debug|x64.Build.0 = Debug|x64
		{41F2762E-6C89-4A1D-BC3A-346AAF3F7318}.Debug|x64.Deploy.0 = Debug|x64
		{41F2762E-6C89-4A1D-BC3A-346AAF3F7318}.Debug|x86.ActiveCfg = Debug|Win32
		{41F2762E-6C89-4A1D-BC3A-346AAF3F7318}.Debug|x86.Build.0 = Debug|Win32
		{41F2762E-6C89-4A1D-BC3A-346AAF3F7318}.Debug|x86.Deploy.0 = Debug|Win32
		{41F2762E-6C89-4A1D-BC3A-346AAF3F7318}.Release|ARM.ActiveCfg = Release|ARM
		{41F2762E-6C89-4A1D-BC3A-346AAF3F7318}.Release|ARM.Build.0 = Release|ARM
		{41F2762E-6C89-4A1D-BC3A-346AAF3F7318}.Release|ARM.Deploy.0 = Release|ARM
		{41F2762E-6C89-4A1D-BC3A-346AAF3F7318}.Release|x64.ActiveCfg = Release|x64
		{41F2762E-6C89-4A1D-BC3A-346AAF3F7318}.Release|x64.Build.0 = Release|x64
		{41F2762E-6C89-4A1D-BC3A-346AAF3F7318}.Release|x64.Deploy.0 = Release|x64
		{41F2762E-6C89-4A1D-BC3A-346AAF3F7318}.Release|x86.ActiveCfg = Release|Win32
		{41F2762E-6C89-4A1D-BC3A-346AAF3F7318}.Release|x86.Build.0 = Release|Win32
		{41F2762E-6C89-4A1D-BC3A-346AAF3F7318}.Release|x86.Deploy.0 = Release|Win32
		{F2EF4C23-0645-43EA-8D54-22168F019D91}.Debug|ARM.ActiveCfg = Debug|ARM
		{F2EF4C23-0645-43EA-8D54-22168F019D91}.Debug|ARM.Build.0 = Debug|ARM
		{F2EF4C23-0645-43EA-8D54-22168F019D91}.Debug|ARM.Deploy.0 = Debug|ARM
		{F2EF4C23-0645-43EA-8D54-22168F019D91}.Debug|x64.ActiveCfg = Debug|x64
		{F2EF4C23-0645-43EA-8D54-22168F019D91}.Debug|x64.Build.0 = Debug|x64
		{F2EF4C23-0645-43EA-8D54-22168F019D91}.Debug|x64.Deploy.0 = Debug|x64
		{F2EF4C23-0645-43EA-8D54-22168F019D91}.Debug|x86.ActiveCfg = Debug|Win32
		{F2EF4C23-0645-43EA-8D54-22168F019D91}.Debug|x86.Build.0 = Debug|Win32
		{F2EF4C23-0645-43EA-8D54-22168F019D91}.Debug|x86.Deploy.0 = Debug|Win32
		{F2EF4C23-0645-43EA-8D54-22168F019D91}.Release|ARM.ActiveCfg = Release|ARM
		{F2EF4C23-0645-43EA-8D54-22168F019D91}.Release|ARM.Build.0 = Release|ARM
		{F2EF4C23-0645-43EA-8D54-22168F019D91}.Release|ARM.Deploy.0 = Release|ARM
		{F2EF4C23-0645-43EA-8D54-22168F019D91}.Release|x64.ActiveCfg = Release|x64
		{F2EF4C23-0645-43EA-8D54-22168F019D91}.Release|x64.Build.0 = Release|x64
		{F2EF4C23-0645-43EA-8D54-22168F019D91}.Release|x64.Deploy.0 = Release|x64
		{F2EF4C23-0645-43EA-8D54-22168F019D91}.Release|x86.ActiveCfg = Release|Win32
		{F2EF4C23-0645-43EA-8D54-22168F019D91}.Release|x86.Build.0 = Release|Win32
		{F2EF4C23-0645-43EA-8D54-22168F019D91}.Release|x86.Deploy.0 = Release|Win32
		{510052D0-EB29-4665-9114-86428C468330}.Debug|ARM.ActiveCfg = Debug|ARM
		{510052D0-EB29-4665-9114-86428C468330}.Debug|ARM.Build.0 = Debug|ARM
		{510052D0-EB29-4665-9114-86428C468330}.Debug|ARM.Deploy.0 = Debug|ARM
		{510052D0-EB29-4665-9114-86428C468330}.Debug|x64.ActiveCfg = Debug|x64
		{510052D0-EB29-4665-9114-86428C468330}.Debug|x64.Build.0 = Debug|x64
		{510052D0-EB29-4665-9114-86428C468330}.Debug|x64.Deploy.0 = Debug|x64
		{510052D0-EB29-4665-9114-86428C468330}.Debug|x86.ActiveCfg = Debug|Win32
		{510052D0-EB29-4665-9114-86428C468330}.Debug|x86.Build.0 = Debug|Win32
		{510052D0-EB29-4665-9114-86428C468330}.Debug|x86.Deploy.0 = Debug|Win32
		{510052D0-EB29-4665-9114-86428C468330}.Release|ARM.ActiveCfg = Release|ARM
		{510052D0-EB29-4665-9114-86428C468330}.Release|ARM.Build.0 = Release|ARM
		{510052D0-EB29-4665-9114-86428C468330}.Release|ARM.Deploy.0 = Release|ARM
		{510052D0-EB29-4665-9114-86428C468330}.Release|x64.ActiveCfg = Release|x64
		{510052D0-EB29-4665-9114-86428C468330}.Release|x64.Build.0 = Release|x64
		{510052D0-EB29-4665-9114-86428C468330}.Release|x64.Deploy.0 = Release|x64
		{510052D0-EB29-4665-9114-86428C468330}.Release|x86.ActiveCfg = Release|Win32
		{510052D0-EB29-4665-9114-86428C468330}.Release|x86.Build.0 = Release|Win32
		{510052D0-EB29-4665-9114-86428C468330}.Release|x86.Deploy.0 = Release|Win32
		{454674AC-E842-4E36-BE05-BC2029B4F32C}.Debug|ARM.ActiveCfg = Debug|ARM
		{454674AC-E842-4E36-BE05-BC2029B4F32C}.Debug|ARM.Build.0 = Debug|ARM
		{454674AC-E842-4E36-BE05-BC2029B4F32C}.Debug|ARM.Deploy.0 = Debug|ARM
		{454674AC-E842-4E36-BE05-BC2029B4F32C}.Debug|x64.ActiveCfg = Debug|x64
		{454674AC-E842-4E36-BE05-BC2029B4F32C}.Debug|x64.Build.0 = Debug|x64
		{454674AC-E842-4E36-BE05-BC2029B4F32C}.Debug|x64.Deploy.0 = Debug|x64
		{454674AC-E842-4E36-BE05-BC2029B4F32C}.Debug|x86.ActiveCfg = Debug|Win32
		{454674AC-E842-4E36-BE05-BC2029B4F32C}.Debug|x86.Build.0 = Debug|Win32
		{454674AC-E842-4E36-BE05-BC2029B4F32C}.Debug|x86.Deploy.0 = Debug|Win32
		{454674AC-E842-4E36-BE05-BC2029B4F32C}.Release|ARM.ActiveCfg = Release|ARM
		{454674AC-E842-4E36-BE05-BC2029B4F32C}.Release|ARM.Build.0 = Release|ARM
		{454674AC-E842-4E36-BE05-BC2029B4F32C}.Release|ARM.Deploy.0 = Release|ARM
		{454674AC-E842-4E36-BE05-BC2029B4F32C}.Release|x64.ActiveCfg = Release|x64
		{454674AC-E842-4E36-BE05-BC2029B4F32C}.Release|x64.Build.0 = Release|x64
		{454674AC-E842-4E36-BE05-BC2029B4F32C}.Release|x64.Deploy.0 = Release|x64
		{454674AC-E842-4E36-BE05-BC2029B4F32C}.Release|x86.ActiveCfg = Release|Win32
		{454674AC-E842-4E36-BE05-BC2029B4F32C}.Release|x86.Build.0 = Release|Win32
		{454674AC-E842-4E36-BE05-BC2029B4F32C}.Release|x86.Deploy.0 = Release|Win32
	EndGlobalSection
	GlobalSection(SolutionProperties) = preSolution
		HideSolutionNode = FALSE
	EndGlobalSection
EndGlobal
